
Microsoft Visual Studio Solution File, Format Version 12.00
# Visual Studio 15
VisualStudioVersion = 15.0.28307.1831
MinimumVisualStudioVersion = 10.0.40219.1
Project("{FAE04EC0-301F-11D3-BF4B-00C04F79EFBC}") = "Research Gate", "Research Gate\Research Gate.csproj", "{27A9951A-130C-461E-BBC2-901F1DC446A4}"
EndProject
Global
	GlobalSection(SolutionConfigurationPlatforms) = preSolution
		Debug|Any CPU = Debug|Any CPU
		Release|Any CPU = Release|Any CPU
	EndGlobalSection
	GlobalSection(ProjectConfigurationPlatforms) = postSolution
		{27A9951A-130C-461E-BBC2-901F1DC446A4}.Debug|Any CPU.ActiveCfg = Debug|Any CPU
		{27A9951A-130C-461E-BBC2-901F1DC446A4}.Debug|Any CPU.Build.0 = Debug|Any CPU
		{27A9951A-130C-461E-BBC2-901F1DC446A4}.Release|Any CPU.ActiveCfg = Release|Any CPU
		{27A9951A-130C-461E-BBC2-901F1DC446A4}.Release|Any CPU.Build.0 = Release|Any CPU
	EndGlobalSection
	GlobalSection(SolutionProperties) = preSolution
		HideSolutionNode = FALSE
	EndGlobalSection
	GlobalSection(ExtensibilityGlobals) = postSolution
		SolutionGuid = {E61939B3-62B2-41B4-9656-DBEE9775967B}
	EndGlobalSection
EndGlobal
